// !$*UTF8*$!
{
	archiveVersion = 1;
	classes = {
	};
	objectVersion = 55;
	objects = {

/* Begin PBXBuildFile section */
		AF0141EF2743DBE0003F25B6 /* VolumeSideBar.swift in Sources */ = {isa = PBXBuildFile; fileRef = AF0141EE2743DBE0003F25B6 /* VolumeSideBar.swift */; };
		AF04F4DE27435D970043CCF6 /* AppDelegate.swift in Sources */ = {isa = PBXBuildFile; fileRef = AF04F4DD27435D970043CCF6 /* AppDelegate.swift */; };
		AF04F4E027435D970043CCF6 /* SceneDelegate.swift in Sources */ = {isa = PBXBuildFile; fileRef = AF04F4DF27435D970043CCF6 /* SceneDelegate.swift */; };
		AF04F4E227435D970043CCF6 /* ViewController.swift in Sources */ = {isa = PBXBuildFile; fileRef = AF04F4E127435D970043CCF6 /* ViewController.swift */; };
		AF04F4E527435D970043CCF6 /* Main.storyboard in Resources */ = {isa = PBXBuildFile; fileRef = AF04F4E327435D970043CCF6 /* Main.storyboard */; };
		AF04F4E727435D990043CCF6 /* Assets.xcassets in Resources */ = {isa = PBXBuildFile; fileRef = AF04F4E627435D990043CCF6 /* Assets.xcassets */; };
		AF04F4EA27435D990043CCF6 /* LaunchScreen.storyboard in Resources */ = {isa = PBXBuildFile; fileRef = AF04F4E827435D990043CCF6 /* LaunchScreen.storyboard */; };
		AF04F4F6274371B30043CCF6 /* MusicManager.swift in Sources */ = {isa = PBXBuildFile; fileRef = AF04F4F5274371B30043CCF6 /* MusicManager.swift */; };
		AF04F4FA274375040043CCF6 /* bgmusic.mp3 in Resources */ = {isa = PBXBuildFile; fileRef = AF04F4F9274375040043CCF6 /* bgmusic.mp3 */; };
/* End PBXBuildFile section */

/* Begin PBXFileReference section */
		AF0141EE2743DBE0003F25B6 /* VolumeSideBar.swift */ = {isa = PBXFileReference; lastKnownFileType = sourcecode.swift; path = VolumeSideBar.swift; sourceTree = "<group>"; };
		AF04F4DA27435D970043CCF6 /* SoundClassification - demo.app */ = {isa = PBXFileReference; explicitFileType = wrapper.application; includeInIndex = 0; path = "SoundClassification - demo.app"; sourceTree = BUILT_PRODUCTS_DIR; };
		AF04F4DD27435D970043CCF6 /* AppDelegate.swift */ = {isa = PBXFileReference; lastKnownFileType = sourcecode.swift; path = AppDelegate.swift; sourceTree = "<group>"; };
		AF04F4DF27435D970043CCF6 /* SceneDelegate.swift */ = {isa = PBXFileReference; lastKnownFileType = sourcecode.swift; path = SceneDelegate.swift; sourceTree = "<group>"; };
		AF04F4E127435D970043CCF6 /* ViewController.swift */ = {isa = PBXFileReference; lastKnownFileType = sourcecode.swift; path = ViewController.swift; sourceTree = "<group>"; };
		AF04F4E427435D970043CCF6 /* Base */ = {isa = PBXFileReference; lastKnownFileType = file.storyboard; name = Base; path = Base.lproj/Main.storyboard; sourceTree = "<group>"; };
		AF04F4E627435D990043CCF6 /* Assets.xcassets */ = {isa = PBXFileReference; lastKnownFileType = folder.assetcatalog; path = Assets.xcassets; sourceTree = "<group>"; };
		AF04F4E927435D990043CCF6 /* Base */ = {isa = PBXFileReference; lastKnownFileType = file.storyboard; name = Base; path = Base.lproj/LaunchScreen.storyboard; sourceTree = "<group>"; };
		AF04F4EB27435D990043CCF6 /* Info.plist */ = {isa = PBXFileReference; lastKnownFileType = text.plist.xml; path = Info.plist; sourceTree = "<group>"; };
		AF04F4F5274371B30043CCF6 /* MusicManager.swift */ = {isa = PBXFileReference; lastKnownFileType = sourcecode.swift; path = MusicManager.swift; sourceTree = "<group>"; };
		AF04F4F9274375040043CCF6 /* bgmusic.mp3 */ = {isa = PBXFileReference; lastKnownFileType = audio.mp3; path = bgmusic.mp3; sourceTree = "<group>"; };
/* End PBXFileReference section */

/* Begin PBXFrameworksBuildPhase section */
		AF04F4D727435D970043CCF6 /* Frameworks */ = {
			isa = PBXFrameworksBuildPhase;
			buildActionMask = 2147483647;
			files = (
			);
			runOnlyForDeploymentPostprocessing = 0;
		};
/* End PBXFrameworksBuildPhase section */

/* Begin PBXGroup section */
		AF04F4D127435D970043CCF6 = {
			isa = PBXGroup;
			children = (
				AF04F4DC27435D970043CCF6 /* SoundClassification - demo */,
				AF04F4DB27435D970043CCF6 /* Products */,
			);
			sourceTree = "<group>";
		};
		AF04F4DB27435D970043CCF6 /* Products */ = {
			isa = PBXGroup;
			children = (
				AF04F4DA27435D970043CCF6 /* SoundClassification - demo.app */,
			);
			name = Products;
			sourceTree = "<group>";
		};
		AF04F4DC27435D970043CCF6 /* SoundClassification - demo */ = {
			isa = PBXGroup;
			children = (
				AF04F4F9274375040043CCF6 /* bgmusic.mp3 */,
				AF04F4DD27435D970043CCF6 /* AppDelegate.swift */,
				AF04F4DF27435D970043CCF6 /* SceneDelegate.swift */,
				AF04F4F5274371B30043CCF6 /* MusicManager.swift */,
				AF04F4E127435D970043CCF6 /* ViewController.swift */,
				AF0D1BF4279990FC00267437 /* Views */,
				AF04F4E327435D970043CCF6 /* Main.storyboard */,
				AF04F4E627435D990043CCF6 /* Assets.xcassets */,
				AF04F4E827435D990043CCF6 /* LaunchScreen.storyboard */,
				AF04F4EB27435D990043CCF6 /* Info.plist */,
			);
			path = "SoundClassification - demo";
			sourceTree = "<group>";
		};
		AF0D1BF4279990FC00267437 /* Views */ = {
			isa = PBXGroup;
			children = (
				AF0141EE2743DBE0003F25B6 /* VolumeSideBar.swift */,
			);
			path = Views;
			sourceTree = "<group>";
		};
/* End PBXGroup section */

/* Begin PBXNativeTarget section */
		AF04F4D927435D970043CCF6 /* SoundClassification - demo */ = {
			isa = PBXNativeTarget;
			buildConfigurationList = AF04F4EE27435D990043CCF6 /* Build configuration list for PBXNativeTarget "SoundClassification - demo" */;
			buildPhases = (
				AF04F4D627435D970043CCF6 /* Sources */,
				AF04F4D727435D970043CCF6 /* Frameworks */,
				AF04F4D827435D970043CCF6 /* Resources */,
			);
			buildRules = (
			);
			dependencies = (
			);
			name = "SoundClassification - demo";
			productName = "SoundClassification - demo";
			productReference = AF04F4DA27435D970043CCF6 /* SoundClassification - demo.app */;
			productType = "com.apple.product-type.application";
		};
/* End PBXNativeTarget section */

/* Begin PBXProject section */
		AF04F4D227435D970043CCF6 /* Project object */ = {
			isa = PBXProject;
			attributes = {
				BuildIndependentTargetsInParallel = 1;
				LastSwiftUpdateCheck = 1300;
				LastUpgradeCheck = 1300;
				TargetAttributes = {
					AF04F4D927435D970043CCF6 = {
						CreatedOnToolsVersion = 13.0;
					};
				};
			};
			buildConfigurationList = AF04F4D527435D970043CCF6 /* Build configuration list for PBXProject "SoundClassification - demo" */;
			compatibilityVersion = "Xcode 13.0";
			developmentRegion = en;
			hasScannedForEncodings = 0;
			knownRegions = (
				en,
				Base,
			);
			mainGroup = AF04F4D127435D970043CCF6;
			productRefGroup = AF04F4DB27435D970043CCF6 /* Products */;
			projectDirPath = "";
			projectRoot = "";
			targets = (
				AF04F4D927435D970043CCF6 /* SoundClassification - demo */,
			);
		};
/* End PBXProject section */

/* Begin PBXResourcesBuildPhase section */
		AF04F4D827435D970043CCF6 /* Resources */ = {
			isa = PBXResourcesBuildPhase;
			buildActionMask = 2147483647;
			files = (
				AF04F4EA27435D990043CCF6 /* LaunchScreen.storyboard in Resources */,
				AF04F4E727435D990043CCF6 /* Assets.xcassets in Resources */,
				AF04F4E527435D970043CCF6 /* Main.storyboard in Resources */,
				AF04F4FA274375040043CCF6 /* bgmusic.mp3 in Resources */,
			);
			runOnlyForDeploymentPostprocessing = 0;
		};
/* End PBXResourcesBuildPhase section */

/* Begin PBXSourcesBuildPhase section */
		AF04F4D627435D970043CCF6 /* Sources */ = {
			isa = PBXSourcesBuildPhase;
			buildActionMask = 2147483647;
			files = (
				AF04F4E227435D970043CCF6 /* ViewController.swift in Sources */,
				AF04F4F6274371B30043CCF6 /* MusicManager.swift in Sources */,
				AF0141EF2743DBE0003F25B6 /* VolumeSideBar.swift in Sources */,
				AF04F4DE27435D970043CCF6 /* AppDelegate.swift in Sources */,
				AF04F4E027435D970043CCF6 /* SceneDelegate.swift in Sources */,
			);
			runOnlyForDeploymentPostprocessing = 0;
		};
/* End PBXSourcesBuildPhase section */

/* Begin PBXVariantGroup section */
		AF04F4E327435D970043CCF6 /* Main.storyboard */ = {
			isa = PBXVariantGroup;
			children = (
				AF04F4E427435D970043CCF6 /* Base */,
			);
			name = Main.storyboard;
			sourceTree = "<group>";
		};
		AF04F4E827435D990043CCF6 /* LaunchScreen.storyboard */ = {
			isa = PBXVariantGroup;
			children = (
				AF04F4E927435D990043CCF6 /* Base */,
			);
			name = LaunchScreen.storyboard;
			sourceTree = "<group>";
		};
/* End PBXVariantGroup section */

/* Begin XCBuildConfiguration section */
		AF04F4EC27435D990043CCF6 /* Debug */ = {
			isa = XCBuildConfiguration;
			buildSettings = {
				ALWAYS_SEARCH_USER_PATHS = NO;
				CLANG_ANALYZER_NONNULL = YES;
				CLANG_ANALYZER_NUMBER_OBJECT_CONVERSION = YES_AGGRESSIVE;
				CLANG_CXX_LANGUAGE_STANDARD = "gnu++17";
				CLANG_CXX_LIBRARY = "libc++";
				CLANG_ENABLE_MODULES = YES;
				CLANG_ENABLE_OBJC_ARC = YES;
				CLANG_ENABLE_OBJC_WEAK = YES;
				CLANG_WARN_BLOCK_CAPTURE_AUTORELEASING = YES;
				CLANG_WARN_BOOL_CONVERSION = YES;
				CLANG_WARN_COMMA = YES;
				CLANG_WARN_CONSTANT_CONVERSION = YES;
				CLANG_WARN_DEPRECATED_OBJC_IMPLEMENTATIONS = YES;
				CLANG_WARN_DIRECT_OBJC_ISA_USAGE = YES_ERROR;
				CLANG_WARN_DOCUMENTATION_COMMENTS = YES;
				CLANG_WARN_EMPTY_BODY = YES;
				CLANG_WARN_ENUM_CONVERSION = YES;
				CLANG_WARN_INFINITE_RECURSION = YES;
				CLANG_WARN_INT_CONVERSION = YES;
				CLANG_WARN_NON_LITERAL_NULL_CONVERSION = YES;
				CLANG_WARN_OBJC_IMPLICIT_RETAIN_SELF = YES;
				CLANG_WARN_OBJC_LITERAL_CONVERSION = YES;
				CLANG_WARN_OBJC_ROOT_CLASS = YES_ERROR;
				CLANG_WARN_QUOTED_INCLUDE_IN_FRAMEWORK_HEADER = YES;
				CLANG_WARN_RANGE_LOOP_ANALYSIS = YES;
				CLANG_WARN_STRICT_PROTOTYPES = YES;
				CLANG_WARN_SUSPICIOUS_MOVE = YES;
				CLANG_WARN_UNGUARDED_AVAILABILITY = YES_AGGRESSIVE;
				CLANG_WARN_UNREACHABLE_CODE = YES;
				CLANG_WARN__DUPLICATE_METHOD_MATCH = YES;
				COPY_PHASE_STRIP = NO;
				DEBUG_INFORMATION_FORMAT = dwarf;
				ENABLE_STRICT_OBJC_MSGSEND = YES;
				ENABLE_TESTABILITY = YES;
				GCC_C_LANGUAGE_STANDARD = gnu11;
				GCC_DYNAMIC_NO_PIC = NO;
				GCC_NO_COMMON_BLOCKS = YES;
				GCC_OPTIMIZATION_LEVEL = 0;
				GCC_PREPROCESSOR_DEFINITIONS = (
					"DEBUG=1",
					"$(inherited)",
				);
				GCC_WARN_64_TO_32_BIT_CONVERSION = YES;
				GCC_WARN_ABOUT_RETURN_TYPE = YES_ERROR;
				GCC_WARN_UNDECLARED_SELECTOR = YES;
				GCC_WARN_UNINITIALIZED_AUTOS = YES_AGGRESSIVE;
				GCC_WARN_UNUSED_FUNCTION = YES;
				GCC_WARN_UNUSED_VARIABLE = YES;
				IPHONEOS_DEPLOYMENT_TARGET = 15.0;
				MTL_ENABLE_DEBUG_INFO = INCLUDE_SOURCE;
				MTL_FAST_MATH = YES;
				ONLY_ACTIVE_ARCH = YES;
				SDKROOT = iphoneos;
				SWIFT_ACTIVE_COMPILATION_CONDITIONS = DEBUG;
				SWIFT_OPTIMIZATION_LEVEL = "-Onone";
			};
			name = Debug;
		};
		AF04F4ED27435D990043CCF6 /* Release */ = {
			isa = XCBuildConfiguration;
			buildSettings = {
				ALWAYS_SEARCH_USER_PATHS = NO;
				CLANG_ANALYZER_NONNULL = YES;
				CLANG_ANALYZER_NUMBER_OBJECT_CONVERSION = YES_AGGRESSIVE;
				CLANG_CXX_LANGUAGE_STANDARD = "gnu++17";
				CLANG_CXX_LIBRARY = "libc++";
				CLANG_ENABLE_MODULES = YES;
				CLANG_ENABLE_OBJC_ARC = YES;
				CLANG_ENABLE_OBJC_WEAK = YES;
				CLANG_WARN_BLOCK_CAPTURE_AUTORELEASING = YES;
				CLANG_WARN_BOOL_CONVERSION = YES;
				CLANG_WARN_COMMA = YES;
				CLANG_WARN_CONSTANT_CONVERSION = YES;
				CLANG_WARN_DEPRECATED_OBJC_IMPLEMENTATIONS = YES;
				CLANG_WARN_DIRECT_OBJC_ISA_USAGE = YES_ERROR;
				CLANG_WARN_DOCUMENTATION_COMMENTS = YES;
				CLANG_WARN_EMPTY_BODY = YES;
				CLANG_WARN_ENUM_CONVERSION = YES;
				CLANG_WARN_INFINITE_RECURSION = YES;
				CLANG_WARN_INT_CONVERSION = YES;
				CLANG_WARN_NON_LITERAL_NULL_CONVERSION = YES;
				CLANG_WARN_OBJC_IMPLICIT_RETAIN_SELF = YES;
				CLANG_WARN_OBJC_LITERAL_CONVERSION = YES;
				CLANG_WARN_OBJC_ROOT_CLASS = YES_ERROR;
				CLANG_WARN_QUOTED_INCLUDE_IN_FRAMEWORK_HEADER = YES;
				CLANG_WARN_RANGE_LOOP_ANALYSIS = YES;
				CLANG_WARN_STRICT_PROTOTYPES = YES;
				CLANG_WARN_SUSPICIOUS_MOVE = YES;
				CLANG_WARN_UNGUARDED_AVAILABILITY = YES_AGGRESSIVE;
				CLANG_WARN_UNREACHABLE_CODE = YES;
				CLANG_WARN__DUPLICATE_METHOD_MATCH = YES;
				COPY_PHASE_STRIP = NO;
				DEBUG_INFORMATION_FORMAT = "dwarf-with-dsym";
				ENABLE_NS_ASSERTIONS = NO;
				ENABLE_STRICT_OBJC_MSGSEND = YES;
				GCC_C_LANGUAGE_STANDARD = gnu11;
				GCC_NO_COMMON_BLOCKS = YES;
				GCC_WARN_64_TO_32_BIT_CONVERSION = YES;
				GCC_WARN_ABOUT_RETURN_TYPE = YES_ERROR;
				GCC_WARN_UNDECLARED_SELECTOR = YES;
				GCC_WARN_UNINITIALIZED_AUTOS = YES_AGGRESSIVE;
				GCC_WARN_UNUSED_FUNCTION = YES;
				GCC_WARN_UNUSED_VARIABLE = YES;
				IPHONEOS_DEPLOYMENT_TARGET = 15.0;
				MTL_ENABLE_DEBUG_INFO = NO;
				MTL_FAST_MATH = YES;
				SDKROOT = iphoneos;
				SWIFT_COMPILATION_MODE = wholemodule;
				SWIFT_OPTIMIZATION_LEVEL = "-O";
				VALIDATE_PRODUCT = YES;
			};
			name = Release;
		};
		AF04F4EF27435D990043CCF6 /* Debug */ = {
			isa = XCBuildConfiguration;
			buildSettings = {
				ASSETCATALOG_COMPILER_APPICON_NAME = AppIcon;
				ASSETCATALOG_COMPILER_GLOBAL_ACCENT_COLOR_NAME = AccentColor;
				CODE_SIGN_STYLE = Automatic;
				CURRENT_PROJECT_VERSION = 1;
				GENERATE_INFOPLIST_FILE = YES;
				INFOPLIST_FILE = "SoundClassification - demo/Info.plist";
				INFOPLIST_KEY_NSMicrophoneUsageDescription = "Allow to use microphone to recognize sound.";
				INFOPLIST_KEY_UIApplicationSupportsIndirectInputEvents = YES;
				INFOPLIST_KEY_UILaunchStoryboardName = LaunchScreen;
				INFOPLIST_KEY_UIMainStoryboardFile = Main;
				INFOPLIST_KEY_UISupportedInterfaceOrientations = UIInterfaceOrientationPortrait;
				INFOPLIST_KEY_UISupportedInterfaceOrientations_iPad = "UIInterfaceOrientationLandscapeLeft UIInterfaceOrientationLandscapeRight UIInterfaceOrientationPortrait UIInterfaceOrientationPortraitUpsideDown";
				IPHONEOS_DEPLOYMENT_TARGET = 16.0;
				LD_RUNPATH_SEARCH_PATHS = (
					"$(inherited)",
					"@executable_path/Frameworks",
				);
				MARKETING_VERSION = 1.0;
				PRODUCT_BUNDLE_IDENTIFIER = "com.kathan.SoundClassification---demo";
				PRODUCT_NAME = "$(TARGET_NAME)";
				SWIFT_EMIT_LOC_STRINGS = YES;
				SWIFT_VERSION = 5.0;
				TARGETED_DEVICE_FAMILY = 1;
			};
			name = Debug;
		};
		AF04F4F027435D990043CCF6 /* Release */ = {
			isa = XCBuildConfiguration;
			buildSettings = {
				ASSETCATALOG_COMPILER_APPICON_NAME = AppIcon;
				ASSETCATALOG_COMPILER_GLOBAL_ACCENT_COLOR_NAME = AccentColor;
				CODE_SIGN_STYLE = Automatic;
				CURRENT_PROJECT_VERSION = 1;
				GENERATE_INFOPLIST_FILE = YES;
				INFOPLIST_FILE = "SoundClassification - demo/Info.plist";
				INFOPLIST_KEY_NSMicrophoneUsageDescription = "Allow to use microphone to recognize sound.";
				INFOPLIST_KEY_UIApplicationSupportsIndirectInputEvents = YES;
				INFOPLIST_KEY_UILaunchStoryboardName = LaunchScreen;
				INFOPLIST_KEY_UIMainStoryboardFile = Main;
				INFOPLIST_KEY_UISupportedInterfaceOrientations = UIInterfaceOrientationPortrait;
				INFOPLIST_KEY_UISupportedInterfaceOrientations_iPad = "UIInterfaceOrientationLandscapeLeft UIInterfaceOrientationLandscapeRight UIInterfaceOrientationPortrait UIInterfaceOrientationPortraitUpsideDown";
				IPHONEOS_DEPLOYMENT_TARGET = 16.0;
				LD_RUNPATH_SEARCH_PATHS = (
					"$(inherited)",
					"@executable_path/Frameworks",
				);
				MARKETING_VERSION = 1.0;
				PRODUCT_BUNDLE_IDENTIFIER = "com.kathan.SoundClassification---demo";
				PRODUCT_NAME = "$(TARGET_NAME)";
				SWIFT_EMIT_LOC_STRINGS = YES;
				SWIFT_VERSION = 5.0;
				TARGETED_DEVICE_FAMILY = 1;
			};
			name = Release;
		};
/* End XCBuildConfiguration section */

/* Begin XCConfigurationList section */
		AF04F4D527435D970043CCF6 /* Build configuration list for PBXProject "SoundClassification - demo" */ = {
			isa = XCConfigurationList;
			buildConfigurations = (
				AF04F4EC27435D990043CCF6 /* Debug */,
				AF04F4ED27435D990043CCF6 /* Release */,
			);
			defaultConfigurationIsVisible = 0;
			defaultConfigurationName = Release;
		};
		AF04F4EE27435D990043CCF6 /* Build configuration list for PBXNativeTarget "SoundClassification - demo" */ = {
			isa = XCConfigurationList;
			buildConfigurations = (
				AF04F4EF27435D990043CCF6 /* Debug */,
				AF04F4F027435D990043CCF6 /* Release */,
			);
			defaultConfigurationIsVisible = 0;
			defaultConfigurationName = Release;
		};
/* End XCConfigurationList section */
	};
	rootObject = AF04F4D227435D970043CCF6 /* Project object */;
}
